
Microsoft Visual Studio Solution File, Format Version 10.00
# Visual Studio 2008
Project("{FAE04EC0-301F-11D3-BF4B-00C04F79EFBC}") = "FireEngine.ContentInterface", "FireEngine.ContentInterface\FireEngine.ContentInterface.csproj", "{9695925C-80C9-4857-8440-C8CE200A6C3D}"
EndProject
Project("{FAE04EC0-301F-11D3-BF4B-00C04F79EFBC}") = "FireEngine.XNAContent", "FireEngine.XNAContent\FireEngine.XNAContent.csproj", "{F5F6B56A-2975-44A5-9533-91FA843CA17E}"
EndProject
Project("{FAE04EC0-301F-11D3-BF4B-00C04F79EFBC}") = "FireEngine.GameEngine", "FireEngine.Game\FireEngine.GameEngine.csproj", "{1EAEF248-F869-483A-9E07-01FB299BADD6}"
EndProject
Project("{FAE04EC0-301F-11D3-BF4B-00C04F79EFBC}") = "FireEngine.XNAContent.FireFromHeaven", "FireEngine.XNAContent.FireFromHeaven\FireEngine.XNAContent.FireFromHeaven.csproj", "{CD4840E2-B1DF-4D22-B8E9-2F7691566AF0}"
	ProjectSection(ProjectDependencies) = postProject
		{9B387D3E-DA93-42F2-B70B-85FA07ACC6E2} = {9B387D3E-DA93-42F2-B70B-85FA07ACC6E2}
		{CA6C6155-F382-46FB-B4F8-9FD7FF8A9F73} = {CA6C6155-F382-46FB-B4F8-9FD7FF8A9F73}
		{E27CC161-1475-45D9-BF96-2251B445FE84} = {E27CC161-1475-45D9-BF96-2251B445FE84}
		{F792776F-D2AE-4F0D-BE63-12ECDCE04613} = {F792776F-D2AE-4F0D-BE63-12ECDCE04613}
		{1223C2BB-7C2B-464A-AC52-1FBEB6810E67} = {1223C2BB-7C2B-464A-AC52-1FBEB6810E67}
	EndProjectSection
EndProject
Project("{2150E333-8FDC-42A3-9474-1A3956D46DE8}") = "FireEngine", "FireEngine", "{A4A58245-ACD4-479A-8E7D-C781D9FD3C9C}"
EndProject
Project("{2150E333-8FDC-42A3-9474-1A3956D46DE8}") = "Utilities", "Utilities", "{8C2CB2D7-E770-4B98-8D77-EBB5BE697DF7}"
EndProject
Project("{2150E333-8FDC-42A3-9474-1A3956D46DE8}") = "XNAContentGames", "XNAContentGames", "{8289F603-269A-412A-8D30-0E856C984E15}"
EndProject
Project("{FAE04EC0-301F-11D3-BF4B-00C04F79EFBC}") = "FireEngine.Utilities.FuncXSDGenerator", "FireEngine.Utilities.FuncXSDGenerator\FireEngine.Utilities.FuncXSDGenerator.csproj", "{CA6C6155-F382-46FB-B4F8-9FD7FF8A9F73}"
	ProjectSection(ProjectDependencies) = postProject
		{E27CC161-1475-45D9-BF96-2251B445FE84} = {E27CC161-1475-45D9-BF96-2251B445FE84}
	EndProjectSection
EndProject
Project("{FAE04EC0-301F-11D3-BF4B-00C04F79EFBC}") = "FireEngine.XNAContentPipeline", "FireEngine.XNAContentPipeline\FireEngine.XNAContentPipeline.csproj", "{9B387D3E-DA93-42F2-B70B-85FA07ACC6E2}"
	ProjectSection(ProjectDependencies) = postProject
		{E27CC161-1475-45D9-BF96-2251B445FE84} = {E27CC161-1475-45D9-BF96-2251B445FE84}
	EndProjectSection
EndProject
Project("{2150E333-8FDC-42A3-9474-1A3956D46DE8}") = "Test", "Test", "{A35FC2E5-47A3-4700-9440-4610768EA368}"
EndProject
Project("{FAE04EC0-301F-11D3-BF4B-00C04F79EFBC}") = "FireEngine.Test.ConsoleCompiler", "FireEngine.Test.ConsoleCompiler\FireEngine.Test.ConsoleCompiler.csproj", "{1D1EBF6F-CE83-4A84-94F1-020A5179397F}"
EndProject
Project("{FAE04EC0-301F-11D3-BF4B-00C04F79EFBC}") = "FireEngine.Utilities.AssetXSDGenerator", "FireEngine.Utilities.AssetXSDGenerator\FireEngine.Utilities.AssetXSDGenerator.csproj", "{1223C2BB-7C2B-464A-AC52-1FBEB6810E67}"
	ProjectSection(ProjectDependencies) = postProject
		{E27CC161-1475-45D9-BF96-2251B445FE84} = {E27CC161-1475-45D9-BF96-2251B445FE84}
	EndProjectSection
EndProject
Project("{FAE04EC0-301F-11D3-BF4B-00C04F79EFBC}") = "FireEngine.Test.CommonLibraryTest", "FireEngine.Test.CommonLibraryTest\FireEngine.Test.CommonLibraryTest.csproj", "{327C16EB-EEEA-4953-BD7B-D785F78A9B84}"
EndProject
Project("{FAE04EC0-301F-11D3-BF4B-00C04F79EFBC}") = "FireEngine.Test.ConsoleExpressionTest", "FireEngine.Test.ConsoleExpressionTest\FireEngine.Test.ConsoleExpressionTest.csproj", "{46EFBAEC-BAF4-433C-A218-F47870FD2A9B}"
EndProject
Project("{FAE04EC0-301F-11D3-BF4B-00C04F79EFBC}") = "FireEngine.Test.ConsoleRuntimeEnv", "FireEngine.Test.ConsoleRuntimeEnv\FireEngine.Test.ConsoleRuntimeEnv.csproj", "{AC4E880E-C25E-41E8-AEB2-28BDD76936C0}"
EndProject
Project("{FAE04EC0-301F-11D3-BF4B-00C04F79EFBC}") = "FireEngine.Library", "FireEngine.Library\FireEngine.Library.csproj", "{04339B90-FDDD-4B02-9D4B-CEBE6B0B57DD}"
EndProject
Project("{FAE04EC0-301F-11D3-BF4B-00C04F79EFBC}") = "FireEngine.FireMLEngine", "FireEngine.FireMLEngine\FireEngine.FireMLEngine.csproj", "{E27CC161-1475-45D9-BF96-2251B445FE84}"
	ProjectSection(ProjectDependencies) = postProject
		{04339B90-FDDD-4B02-9D4B-CEBE6B0B57DD} = {04339B90-FDDD-4B02-9D4B-CEBE6B0B57DD}
	EndProjectSection
EndProject
Project("{FAE04EC0-301F-11D3-BF4B-00C04F79EFBC}") = "FireEngine.FireMLData", "FireEngine.FireMLData\FireEngine.FireMLData.csproj", "{B3A70DBB-5313-4D1C-8219-BB11C28315EC}"
	ProjectSection(ProjectDependencies) = postProject
		{F792776F-D2AE-4F0D-BE63-12ECDCE04613} = {F792776F-D2AE-4F0D-BE63-12ECDCE04613}
	EndProjectSection
EndProject
Project("{FAE04EC0-301F-11D3-BF4B-00C04F79EFBC}") = "FireEngine.Utilities.DataXSDGenerator", "FireEngine.Utilities.DataXSDGenerator\FireEngine.Utilities.DataXSDGenerator.csproj", "{F792776F-D2AE-4F0D-BE63-12ECDCE04613}"
EndProject
Project("{FAE04EC0-301F-11D3-BF4B-00C04F79EFBC}") = "FireEngine.XNAContent.GDIFont", "FireEngine.XNAContent.GDIFont\FireEngine.XNAContent.GDIFont.csproj", "{55AE5A79-E04A-4CB9-8F0A-AF346D2978D5}"
EndProject
Project("{FAE04EC0-301F-11D3-BF4B-00C04F79EFBC}") = "FireEngine.Test.GDIFontTest", "FireEngine.Test.GDIFontTest\FireEngine.Test.GDIFontTest.csproj", "{5DB8C6B4-6BBD-4494-989D-91ED8FD2268A}"
EndProject
Global
	GlobalSection(SolutionConfigurationPlatforms) = preSolution
		Debug|Any CPU = Debug|Any CPU
		Debug|Mixed Platforms = Debug|Mixed Platforms
		Debug|x86 = Debug|x86
		Debug|Xbox 360 = Debug|Xbox 360
		Debug|Zune = Debug|Zune
		Release|Any CPU = Release|Any CPU
		Release|Mixed Platforms = Release|Mixed Platforms
		Release|x86 = Release|x86
		Release|Xbox 360 = Release|Xbox 360
		Release|Zune = Release|Zune
	EndGlobalSection
	GlobalSection(ProjectConfigurationPlatforms) = postSolution
		{9695925C-80C9-4857-8440-C8CE200A6C3D}.Debug|Any CPU.ActiveCfg = Debug|Any CPU
		{9695925C-80C9-4857-8440-C8CE200A6C3D}.Debug|Any CPU.Build.0 = Debug|Any CPU
		{9695925C-80C9-4857-8440-C8CE200A6C3D}.Debug|Mixed Platforms.ActiveCfg = Debug|Any CPU
		{9695925C-80C9-4857-8440-C8CE200A6C3D}.Debug|Mixed Platforms.Build.0 = Debug|Any CPU
		{9695925C-80C9-4857-8440-C8CE200A6C3D}.Debug|x86.ActiveCfg = Debug|Any CPU
		{9695925C-80C9-4857-8440-C8CE200A6C3D}.Debug|Xbox 360.ActiveCfg = Debug|Any CPU
		{9695925C-80C9-4857-8440-C8CE200A6C3D}.Debug|Zune.ActiveCfg = Debug|Any CPU
		{9695925C-80C9-4857-8440-C8CE200A6C3D}.Release|Any CPU.ActiveCfg = Release|Any CPU
		{9695925C-80C9-4857-8440-C8CE200A6C3D}.Release|Any CPU.Build.0 = Release|Any CPU
		{9695925C-80C9-4857-8440-C8CE200A6C3D}.Release|Mixed Platforms.ActiveCfg = Release|Any CPU
		{9695925C-80C9-4857-8440-C8CE200A6C3D}.Release|Mixed Platforms.Build.0 = Release|Any CPU
		{9695925C-80C9-4857-8440-C8CE200A6C3D}.Release|x86.ActiveCfg = Release|Any CPU
		{9695925C-80C9-4857-8440-C8CE200A6C3D}.Release|Xbox 360.ActiveCfg = Release|Any CPU
		{9695925C-80C9-4857-8440-C8CE200A6C3D}.Release|Zune.ActiveCfg = Release|Any CPU
		{F5F6B56A-2975-44A5-9533-91FA843CA17E}.Debug|Any CPU.ActiveCfg = Debug|x86
		{F5F6B56A-2975-44A5-9533-91FA843CA17E}.Debug|Mixed Platforms.ActiveCfg = Debug|x86
		{F5F6B56A-2975-44A5-9533-91FA843CA17E}.Debug|Mixed Platforms.Build.0 = Debug|x86
		{F5F6B56A-2975-44A5-9533-91FA843CA17E}.Debug|x86.ActiveCfg = Debug|x86
		{F5F6B56A-2975-44A5-9533-91FA843CA17E}.Debug|x86.Build.0 = Debug|x86
		{F5F6B56A-2975-44A5-9533-91FA843CA17E}.Debug|Xbox 360.ActiveCfg = Debug|x86
		{F5F6B56A-2975-44A5-9533-91FA843CA17E}.Debug|Zune.ActiveCfg = Debug|x86
		{F5F6B56A-2975-44A5-9533-91FA843CA17E}.Release|Any CPU.ActiveCfg = Release|x86
		{F5F6B56A-2975-44A5-9533-91FA843CA17E}.Release|Mixed Platforms.ActiveCfg = Release|x86
		{F5F6B56A-2975-44A5-9533-91FA843CA17E}.Release|Mixed Platforms.Build.0 = Release|x86
		{F5F6B56A-2975-44A5-9533-91FA843CA17E}.Release|x86.ActiveCfg = Release|x86
		{F5F6B56A-2975-44A5-9533-91FA843CA17E}.Release|x86.Build.0 = Release|x86
		{F5F6B56A-2975-44A5-9533-91FA843CA17E}.Release|Xbox 360.ActiveCfg = Release|x86
		{F5F6B56A-2975-44A5-9533-91FA843CA17E}.Release|Zune.ActiveCfg = Release|x86
		{1EAEF248-F869-483A-9E07-01FB299BADD6}.Debug|Any CPU.ActiveCfg = Debug|x86
		{1EAEF248-F869-483A-9E07-01FB299BADD6}.Debug|Mixed Platforms.ActiveCfg = Debug|x86
		{1EAEF248-F869-483A-9E07-01FB299BADD6}.Debug|Mixed Platforms.Build.0 = Debug|x86
		{1EAEF248-F869-483A-9E07-01FB299BADD6}.Debug|x86.ActiveCfg = Debug|x86
		{1EAEF248-F869-483A-9E07-01FB299BADD6}.Debug|x86.Build.0 = Debug|x86
		{1EAEF248-F869-483A-9E07-01FB299BADD6}.Debug|Xbox 360.ActiveCfg = Debug|x86
		{1EAEF248-F869-483A-9E07-01FB299BADD6}.Debug|Zune.ActiveCfg = Debug|x86
		{1EAEF248-F869-483A-9E07-01FB299BADD6}.Release|Any CPU.ActiveCfg = Release|x86
		{1EAEF248-F869-483A-9E07-01FB299BADD6}.Release|Mixed Platforms.ActiveCfg = Release|x86
		{1EAEF248-F869-483A-9E07-01FB299BADD6}.Release|Mixed Platforms.Build.0 = Release|x86
		{1EAEF248-F869-483A-9E07-01FB299BADD6}.Release|x86.ActiveCfg = Release|x86
		{1EAEF248-F869-483A-9E07-01FB299BADD6}.Release|x86.Build.0 = Release|x86
		{1EAEF248-F869-483A-9E07-01FB299BADD6}.Release|Xbox 360.ActiveCfg = Release|x86
		{1EAEF248-F869-483A-9E07-01FB299BADD6}.Release|Zune.ActiveCfg = Release|x86
		{CD4840E2-B1DF-4D22-B8E9-2F7691566AF0}.Debug|Any CPU.ActiveCfg = Debug|x86
		{CD4840E2-B1DF-4D22-B8E9-2F7691566AF0}.Debug|Mixed Platforms.ActiveCfg = Debug|x86
		{CD4840E2-B1DF-4D22-B8E9-2F7691566AF0}.Debug|Mixed Platforms.Build.0 = Debug|x86
		{CD4840E2-B1DF-4D22-B8E9-2F7691566AF0}.Debug|x86.ActiveCfg = Debug|x86
		{CD4840E2-B1DF-4D22-B8E9-2F7691566AF0}.Debug|x86.Build.0 = Debug|x86
		{CD4840E2-B1DF-4D22-B8E9-2F7691566AF0}.Debug|Xbox 360.ActiveCfg = Debug|x86
		{CD4840E2-B1DF-4D22-B8E9-2F7691566AF0}.Debug|Zune.ActiveCfg = Debug|x86
		{CD4840E2-B1DF-4D22-B8E9-2F7691566AF0}.Release|Any CPU.ActiveCfg = Release|x86
		{CD4840E2-B1DF-4D22-B8E9-2F7691566AF0}.Release|Mixed Platforms.ActiveCfg = Release|x86
		{CD4840E2-B1DF-4D22-B8E9-2F7691566AF0}.Release|Mixed Platforms.Build.0 = Release|x86
		{CD4840E2-B1DF-4D22-B8E9-2F7691566AF0}.Release|x86.ActiveCfg = Release|x86
		{CD4840E2-B1DF-4D22-B8E9-2F7691566AF0}.Release|x86.Build.0 = Release|x86
		{CD4840E2-B1DF-4D22-B8E9-2F7691566AF0}.Release|Xbox 360.ActiveCfg = Release|x86
		{CD4840E2-B1DF-4D22-B8E9-2F7691566AF0}.Release|Zune.ActiveCfg = Release|x86
		{CA6C6155-F382-46FB-B4F8-9FD7FF8A9F73}.Debug|Any CPU.ActiveCfg = Debug|Any CPU
		{CA6C6155-F382-46FB-B4F8-9FD7FF8A9F73}.Debug|Any CPU.Build.0 = Debug|Any CPU
		{CA6C6155-F382-46FB-B4F8-9FD7FF8A9F73}.Debug|Mixed Platforms.ActiveCfg = Debug|Any CPU
		{CA6C6155-F382-46FB-B4F8-9FD7FF8A9F73}.Debug|Mixed Platforms.Build.0 = Debug|Any CPU
		{CA6C6155-F382-46FB-B4F8-9FD7FF8A9F73}.Debug|x86.ActiveCfg = Debug|Any CPU
		{CA6C6155-F382-46FB-B4F8-9FD7FF8A9F73}.Debug|Xbox 360.ActiveCfg = Debug|Any CPU
		{CA6C6155-F382-46FB-B4F8-9FD7FF8A9F73}.Debug|Zune.ActiveCfg = Debug|Any CPU
		{CA6C6155-F382-46FB-B4F8-9FD7FF8A9F73}.Release|Any CPU.ActiveCfg = Release|Any CPU
		{CA6C6155-F382-46FB-B4F8-9FD7FF8A9F73}.Release|Any CPU.Build.0 = Release|Any CPU
		{CA6C6155-F382-46FB-B4F8-9FD7FF8A9F73}.Release|Mixed Platforms.ActiveCfg = Release|Any CPU
		{CA6C6155-F382-46FB-B4F8-9FD7FF8A9F73}.Release|Mixed Platforms.Build.0 = Release|Any CPU
		{CA6C6155-F382-46FB-B4F8-9FD7FF8A9F73}.Release|x86.ActiveCfg = Release|Any CPU
		{CA6C6155-F382-46FB-B4F8-9FD7FF8A9F73}.Release|Xbox 360.ActiveCfg = Release|Any CPU
		{CA6C6155-F382-46FB-B4F8-9FD7FF8A9F73}.Release|Zune.ActiveCfg = Release|Any CPU
		{9B387D3E-DA93-42F2-B70B-85FA07ACC6E2}.Debug|Any CPU.ActiveCfg = Debug|Zune
		{9B387D3E-DA93-42F2-B70B-85FA07ACC6E2}.Debug|Mixed Platforms.ActiveCfg = Debug|Zune
		{9B387D3E-DA93-42F2-B70B-85FA07ACC6E2}.Debug|Mixed Platforms.Build.0 = Debug|Zune
		{9B387D3E-DA93-42F2-B70B-85FA07ACC6E2}.Debug|x86.ActiveCfg = Debug|x86
		{9B387D3E-DA93-42F2-B70B-85FA07ACC6E2}.Debug|x86.Build.0 = Debug|x86
		{9B387D3E-DA93-42F2-B70B-85FA07ACC6E2}.Debug|Xbox 360.ActiveCfg = Debug|Xbox 360
		{9B387D3E-DA93-42F2-B70B-85FA07ACC6E2}.Debug|Xbox 360.Build.0 = Debug|Xbox 360
		{9B387D3E-DA93-42F2-B70B-85FA07ACC6E2}.Debug|Zune.ActiveCfg = Debug|Zune
		{9B387D3E-DA93-42F2-B70B-85FA07ACC6E2}.Debug|Zune.Build.0 = Debug|Zune
		{9B387D3E-DA93-42F2-B70B-85FA07ACC6E2}.Release|Any CPU.ActiveCfg = Release|Zune
		{9B387D3E-DA93-42F2-B70B-85FA07ACC6E2}.Release|Mixed Platforms.ActiveCfg = Release|Zune
		{9B387D3E-DA93-42F2-B70B-85FA07ACC6E2}.Release|Mixed Platforms.Build.0 = Release|Zune
		{9B387D3E-DA93-42F2-B70B-85FA07ACC6E2}.Release|x86.ActiveCfg = Release|x86
		{9B387D3E-DA93-42F2-B70B-85FA07ACC6E2}.Release|x86.Build.0 = Release|x86
		{9B387D3E-DA93-42F2-B70B-85FA07ACC6E2}.Release|Xbox 360.ActiveCfg = Release|Xbox 360
		{9B387D3E-DA93-42F2-B70B-85FA07ACC6E2}.Release|Xbox 360.Build.0 = Release|Xbox 360
		{9B387D3E-DA93-42F2-B70B-85FA07ACC6E2}.Release|Zune.ActiveCfg = Release|Zune
		{9B387D3E-DA93-42F2-B70B-85FA07ACC6E2}.Release|Zune.Build.0 = Release|Zune
		{1D1EBF6F-CE83-4A84-94F1-020A5179397F}.Debug|Any CPU.ActiveCfg = Debug|Any CPU
		{1D1EBF6F-CE83-4A84-94F1-020A5179397F}.Debug|Any CPU.Build.0 = Debug|Any CPU
		{1D1EBF6F-CE83-4A84-94F1-020A5179397F}.Debug|Mixed Platforms.ActiveCfg = Debug|Any CPU
		{1D1EBF6F-CE83-4A84-94F1-020A5179397F}.Debug|Mixed Platforms.Build.0 = Debug|Any CPU
		{1D1EBF6F-CE83-4A84-94F1-020A5179397F}.Debug|x86.ActiveCfg = Debug|Any CPU
		{1D1EBF6F-CE83-4A84-94F1-020A5179397F}.Debug|Xbox 360.ActiveCfg = Debug|Any CPU
		{1D1EBF6F-CE83-4A84-94F1-020A5179397F}.Debug|Zune.ActiveCfg = Debug|Any CPU
		{1D1EBF6F-CE83-4A84-94F1-020A5179397F}.Release|Any CPU.ActiveCfg = Release|Any CPU
		{1D1EBF6F-CE83-4A84-94F1-020A5179397F}.Release|Any CPU.Build.0 = Release|Any CPU
		{1D1EBF6F-CE83-4A84-94F1-020A5179397F}.Release|Mixed Platforms.ActiveCfg = Release|Any CPU
		{1D1EBF6F-CE83-4A84-94F1-020A5179397F}.Release|Mixed Platforms.Build.0 = Release|Any CPU
		{1D1EBF6F-CE83-4A84-94F1-020A5179397F}.Release|x86.ActiveCfg = Release|Any CPU
		{1D1EBF6F-CE83-4A84-94F1-020A5179397F}.Release|Xbox 360.ActiveCfg = Release|Any CPU
		{1D1EBF6F-CE83-4A84-94F1-020A5179397F}.Release|Zune.ActiveCfg = Release|Any CPU
		{1223C2BB-7C2B-464A-AC52-1FBEB6810E67}.Debug|Any CPU.ActiveCfg = Debug|Any CPU
		{1223C2BB-7C2B-464A-AC52-1FBEB6810E67}.Debug|Any CPU.Build.0 = Debug|Any CPU
		{1223C2BB-7C2B-464A-AC52-1FBEB6810E67}.Debug|Mixed Platforms.ActiveCfg = Debug|Any CPU
		{1223C2BB-7C2B-464A-AC52-1FBEB6810E67}.Debug|Mixed Platforms.Build.0 = Debug|Any CPU
		{1223C2BB-7C2B-464A-AC52-1FBEB6810E67}.Debug|x86.ActiveCfg = Debug|Any CPU
		{1223C2BB-7C2B-464A-AC52-1FBEB6810E67}.Debug|Xbox 360.ActiveCfg = Debug|Any CPU
		{1223C2BB-7C2B-464A-AC52-1FBEB6810E67}.Debug|Zune.ActiveCfg = Debug|Any CPU
		{1223C2BB-7C2B-464A-AC52-1FBEB6810E67}.Release|Any CPU.ActiveCfg = Release|Any CPU
		{1223C2BB-7C2B-464A-AC52-1FBEB6810E67}.Release|Any CPU.Build.0 = Release|Any CPU
		{1223C2BB-7C2B-464A-AC52-1FBEB6810E67}.Release|Mixed Platforms.ActiveCfg = Release|Any CPU
		{1223C2BB-7C2B-464A-AC52-1FBEB6810E67}.Release|Mixed Platforms.Build.0 = Release|Any CPU
		{1223C2BB-7C2B-464A-AC52-1FBEB6810E67}.Release|x86.ActiveCfg = Release|Any CPU
		{1223C2BB-7C2B-464A-AC52-1FBEB6810E67}.Release|Xbox 360.ActiveCfg = Release|Any CPU
		{1223C2BB-7C2B-464A-AC52-1FBEB6810E67}.Release|Zune.ActiveCfg = Release|Any CPU
		{327C16EB-EEEA-4953-BD7B-D785F78A9B84}.Debug|Any CPU.ActiveCfg = Debug|Any CPU
		{327C16EB-EEEA-4953-BD7B-D785F78A9B84}.Debug|Any CPU.Build.0 = Debug|Any CPU
		{327C16EB-EEEA-4953-BD7B-D785F78A9B84}.Debug|Mixed Platforms.ActiveCfg = Debug|Any CPU
		{327C16EB-EEEA-4953-BD7B-D785F78A9B84}.Debug|Mixed Platforms.Build.0 = Debug|Any CPU
		{327C16EB-EEEA-4953-BD7B-D785F78A9B84}.Debug|x86.ActiveCfg = Debug|Any CPU
		{327C16EB-EEEA-4953-BD7B-D785F78A9B84}.Debug|Xbox 360.ActiveCfg = Debug|Any CPU
		{327C16EB-EEEA-4953-BD7B-D785F78A9B84}.Debug|Zune.ActiveCfg = Debug|Any CPU
		{327C16EB-EEEA-4953-BD7B-D785F78A9B84}.Release|Any CPU.ActiveCfg = Release|Any CPU
		{327C16EB-EEEA-4953-BD7B-D785F78A9B84}.Release|Any CPU.Build.0 = Release|Any CPU
		{327C16EB-EEEA-4953-BD7B-D785F78A9B84}.Release|Mixed Platforms.ActiveCfg = Release|Any CPU
		{327C16EB-EEEA-4953-BD7B-D785F78A9B84}.Release|Mixed Platforms.Build.0 = Release|Any CPU
		{327C16EB-EEEA-4953-BD7B-D785F78A9B84}.Release|x86.ActiveCfg = Release|Any CPU
		{327C16EB-EEEA-4953-BD7B-D785F78A9B84}.Release|Xbox 360.ActiveCfg = Release|Any CPU
		{327C16EB-EEEA-4953-BD7B-D785F78A9B84}.Release|Zune.ActiveCfg = Release|Any CPU
		{46EFBAEC-BAF4-433C-A218-F47870FD2A9B}.Debug|Any CPU.ActiveCfg = Debug|Any CPU
		{46EFBAEC-BAF4-433C-A218-F47870FD2A9B}.Debug|Any CPU.Build.0 = Debug|Any CPU
		{46EFBAEC-BAF4-433C-A218-F47870FD2A9B}.Debug|Mixed Platforms.ActiveCfg = Debug|Any CPU
		{46EFBAEC-BAF4-433C-A218-F47870FD2A9B}.Debug|Mixed Platforms.Build.0 = Debug|Any CPU
		{46EFBAEC-BAF4-433C-A218-F47870FD2A9B}.Debug|x86.ActiveCfg = Debug|Any CPU
		{46EFBAEC-BAF4-433C-A218-F47870FD2A9B}.Debug|Xbox 360.ActiveCfg = Debug|Any CPU
		{46EFBAEC-BAF4-433C-A218-F47870FD2A9B}.Debug|Zune.ActiveCfg = Debug|Any CPU
		{46EFBAEC-BAF4-433C-A218-F47870FD2A9B}.Release|Any CPU.ActiveCfg = Release|Any CPU
		{46EFBAEC-BAF4-433C-A218-F47870FD2A9B}.Release|Any CPU.Build.0 = Release|Any CPU
		{46EFBAEC-BAF4-433C-A218-F47870FD2A9B}.Release|Mixed Platforms.ActiveCfg = Release|Any CPU
		{46EFBAEC-BAF4-433C-A218-F47870FD2A9B}.Release|Mixed Platforms.Build.0 = Release|Any CPU
		{46EFBAEC-BAF4-433C-A218-F47870FD2A9B}.Release|x86.ActiveCfg = Release|Any CPU
		{46EFBAEC-BAF4-433C-A218-F47870FD2A9B}.Release|Xbox 360.ActiveCfg = Release|Any CPU
		{46EFBAEC-BAF4-433C-A218-F47870FD2A9B}.Release|Zune.ActiveCfg = Release|Any CPU
		{AC4E880E-C25E-41E8-AEB2-28BDD76936C0}.Debug|Any CPU.ActiveCfg = Debug|Any CPU
		{AC4E880E-C25E-41E8-AEB2-28BDD76936C0}.Debug|Any CPU.Build.0 = Debug|Any CPU
		{AC4E880E-C25E-41E8-AEB2-28BDD76936C0}.Debug|Mixed Platforms.ActiveCfg = Debug|Any CPU
		{AC4E880E-C25E-41E8-AEB2-28BDD76936C0}.Debug|Mixed Platforms.Build.0 = Debug|Any CPU
		{AC4E880E-C25E-41E8-AEB2-28BDD76936C0}.Debug|x86.ActiveCfg = Debug|Any CPU
		{AC4E880E-C25E-41E8-AEB2-28BDD76936C0}.Debug|Xbox 360.ActiveCfg = Debug|Any CPU
		{AC4E880E-C25E-41E8-AEB2-28BDD76936C0}.Debug|Zune.ActiveCfg = Debug|Any CPU
		{AC4E880E-C25E-41E8-AEB2-28BDD76936C0}.Release|Any CPU.ActiveCfg = Release|Any CPU
		{AC4E880E-C25E-41E8-AEB2-28BDD76936C0}.Release|Any CPU.Build.0 = Release|Any CPU
		{AC4E880E-C25E-41E8-AEB2-28BDD76936C0}.Release|Mixed Platforms.ActiveCfg = Release|Any CPU
		{AC4E880E-C25E-41E8-AEB2-28BDD76936C0}.Release|Mixed Platforms.Build.0 = Release|Any CPU
		{AC4E880E-C25E-41E8-AEB2-28BDD76936C0}.Release|x86.ActiveCfg = Release|Any CPU
		{AC4E880E-C25E-41E8-AEB2-28BDD76936C0}.Release|Xbox 360.ActiveCfg = Release|Any CPU
		{AC4E880E-C25E-41E8-AEB2-28BDD76936C0}.Release|Zune.ActiveCfg = Release|Any CPU
		{04339B90-FDDD-4B02-9D4B-CEBE6B0B57DD}.Debug|Any CPU.ActiveCfg = Debug|Any CPU
		{04339B90-FDDD-4B02-9D4B-CEBE6B0B57DD}.Debug|Any CPU.Build.0 = Debug|Any CPU
		{04339B90-FDDD-4B02-9D4B-CEBE6B0B57DD}.Debug|Mixed Platforms.ActiveCfg = Debug|Any CPU
		{04339B90-FDDD-4B02-9D4B-CEBE6B0B57DD}.Debug|Mixed Platforms.Build.0 = Debug|Any CPU
		{04339B90-FDDD-4B02-9D4B-CEBE6B0B57DD}.Debug|x86.ActiveCfg = Debug|Any CPU
		{04339B90-FDDD-4B02-9D4B-CEBE6B0B57DD}.Debug|Xbox 360.ActiveCfg = Debug|Any CPU
		{04339B90-FDDD-4B02-9D4B-CEBE6B0B57DD}.Debug|Zune.ActiveCfg = Debug|Any CPU
		{04339B90-FDDD-4B02-9D4B-CEBE6B0B57DD}.Release|Any CPU.ActiveCfg = Release|Any CPU
		{04339B90-FDDD-4B02-9D4B-CEBE6B0B57DD}.Release|Any CPU.Build.0 = Release|Any CPU
		{04339B90-FDDD-4B02-9D4B-CEBE6B0B57DD}.Release|Mixed Platforms.ActiveCfg = Release|Any CPU
		{04339B90-FDDD-4B02-9D4B-CEBE6B0B57DD}.Release|Mixed Platforms.Build.0 = Release|Any CPU
		{04339B90-FDDD-4B02-9D4B-CEBE6B0B57DD}.Release|x86.ActiveCfg = Release|Any CPU
		{04339B90-FDDD-4B02-9D4B-CEBE6B0B57DD}.Release|Xbox 360.ActiveCfg = Release|Any CPU
		{04339B90-FDDD-4B02-9D4B-CEBE6B0B57DD}.Release|Zune.ActiveCfg = Release|Any CPU
		{E27CC161-1475-45D9-BF96-2251B445FE84}.Debug|Any CPU.ActiveCfg = Debug|Any CPU
		{E27CC161-1475-45D9-BF96-2251B445FE84}.Debug|Any CPU.Build.0 = Debug|Any CPU
		{E27CC161-1475-45D9-BF96-2251B445FE84}.Debug|Mixed Platforms.ActiveCfg = Debug|Any CPU
		{E27CC161-1475-45D9-BF96-2251B445FE84}.Debug|Mixed Platforms.Build.0 = Debug|Any CPU
		{E27CC161-1475-45D9-BF96-2251B445FE84}.Debug|x86.ActiveCfg = Debug|Any CPU
		{E27CC161-1475-45D9-BF96-2251B445FE84}.Debug|Xbox 360.ActiveCfg = Debug|Any CPU
		{E27CC161-1475-45D9-BF96-2251B445FE84}.Debug|Zune.ActiveCfg = Debug|Any CPU
		{E27CC161-1475-45D9-BF96-2251B445FE84}.Release|Any CPU.ActiveCfg = Release|Any CPU
		{E27CC161-1475-45D9-BF96-2251B445FE84}.Release|Any CPU.Build.0 = Release|Any CPU
		{E27CC161-1475-45D9-BF96-2251B445FE84}.Release|Mixed Platforms.ActiveCfg = Release|Any CPU
		{E27CC161-1475-45D9-BF96-2251B445FE84}.Release|Mixed Platforms.Build.0 = Release|Any CPU
		{E27CC161-1475-45D9-BF96-2251B445FE84}.Release|x86.ActiveCfg = Release|Any CPU
		{E27CC161-1475-45D9-BF96-2251B445FE84}.Release|Xbox 360.ActiveCfg = Release|Any CPU
		{E27CC161-1475-45D9-BF96-2251B445FE84}.Release|Zune.ActiveCfg = Release|Any CPU
		{B3A70DBB-5313-4D1C-8219-BB11C28315EC}.Debug|Any CPU.ActiveCfg = Debug|Any CPU
		{B3A70DBB-5313-4D1C-8219-BB11C28315EC}.Debug|Any CPU.Build.0 = Debug|Any CPU
		{B3A70DBB-5313-4D1C-8219-BB11C28315EC}.Debug|Mixed Platforms.ActiveCfg = Debug|Any CPU
		{B3A70DBB-5313-4D1C-8219-BB11C28315EC}.Debug|Mixed Platforms.Build.0 = Debug|Any CPU
		{B3A70DBB-5313-4D1C-8219-BB11C28315EC}.Debug|x86.ActiveCfg = Debug|Any CPU
		{B3A70DBB-5313-4D1C-8219-BB11C28315EC}.Debug|Xbox 360.ActiveCfg = Debug|Any CPU
		{B3A70DBB-5313-4D1C-8219-BB11C28315EC}.Debug|Zune.ActiveCfg = Debug|Any CPU
		{B3A70DBB-5313-4D1C-8219-BB11C28315EC}.Release|Any CPU.ActiveCfg = Release|Any CPU
		{B3A70DBB-5313-4D1C-8219-BB11C28315EC}.Release|Any CPU.Build.0 = Release|Any CPU
		{B3A70DBB-5313-4D1C-8219-BB11C28315EC}.Release|Mixed Platforms.ActiveCfg = Release|Any CPU
		{B3A70DBB-5313-4D1C-8219-BB11C28315EC}.Release|Mixed Platforms.Build.0 = Release|Any CPU
		{B3A70DBB-5313-4D1C-8219-BB11C28315EC}.Release|x86.ActiveCfg = Release|Any CPU
		{B3A70DBB-5313-4D1C-8219-BB11C28315EC}.Release|Xbox 360.ActiveCfg = Release|Any CPU
		{B3A70DBB-5313-4D1C-8219-BB11C28315EC}.Release|Zune.ActiveCfg = Release|Any CPU
		{F792776F-D2AE-4F0D-BE63-12ECDCE04613}.Debug|Any CPU.ActiveCfg = Debug|Any CPU
		{F792776F-D2AE-4F0D-BE63-12ECDCE04613}.Debug|Any CPU.Build.0 = Debug|Any CPU
		{F792776F-D2AE-4F0D-BE63-12ECDCE04613}.Debug|Mixed Platforms.ActiveCfg = Debug|Any CPU
		{F792776F-D2AE-4F0D-BE63-12ECDCE04613}.Debug|Mixed Platforms.Build.0 = Debug|Any CPU
		{F792776F-D2AE-4F0D-BE63-12ECDCE04613}.Debug|x86.ActiveCfg = Debug|Any CPU
		{F792776F-D2AE-4F0D-BE63-12ECDCE04613}.Debug|Xbox 360.ActiveCfg = Debug|Any CPU
		{F792776F-D2AE-4F0D-BE63-12ECDCE04613}.Debug|Zune.ActiveCfg = Debug|Any CPU
		{F792776F-D2AE-4F0D-BE63-12ECDCE04613}.Release|Any CPU.ActiveCfg = Release|Any CPU
		{F792776F-D2AE-4F0D-BE63-12ECDCE04613}.Release|Any CPU.Build.0 = Release|Any CPU
		{F792776F-D2AE-4F0D-BE63-12ECDCE04613}.Release|Mixed Platforms.ActiveCfg = Release|Any CPU
		{F792776F-D2AE-4F0D-BE63-12ECDCE04613}.Release|Mixed Platforms.Build.0 = Release|Any CPU
		{F792776F-D2AE-4F0D-BE63-12ECDCE04613}.Release|x86.ActiveCfg = Release|Any CPU
		{F792776F-D2AE-4F0D-BE63-12ECDCE04613}.Release|Xbox 360.ActiveCfg = Release|Any CPU
		{F792776F-D2AE-4F0D-BE63-12ECDCE04613}.Release|Zune.ActiveCfg = Release|Any CPU
		{55AE5A79-E04A-4CB9-8F0A-AF346D2978D5}.Debug|Any CPU.ActiveCfg = Debug|x86
		{55AE5A79-E04A-4CB9-8F0A-AF346D2978D5}.Debug|Mixed Platforms.ActiveCfg = Debug|x86
		{55AE5A79-E04A-4CB9-8F0A-AF346D2978D5}.Debug|Mixed Platforms.Build.0 = Debug|x86
		{55AE5A79-E04A-4CB9-8F0A-AF346D2978D5}.Debug|x86.ActiveCfg = Debug|x86
		{55AE5A79-E04A-4CB9-8F0A-AF346D2978D5}.Debug|x86.Build.0 = Debug|x86
		{55AE5A79-E04A-4CB9-8F0A-AF346D2978D5}.Debug|Xbox 360.ActiveCfg = Debug|x86
		{55AE5A79-E04A-4CB9-8F0A-AF346D2978D5}.Debug|Zune.ActiveCfg = Debug|x86
		{55AE5A79-E04A-4CB9-8F0A-AF346D2978D5}.Release|Any CPU.ActiveCfg = Release|x86
		{55AE5A79-E04A-4CB9-8F0A-AF346D2978D5}.Release|Mixed Platforms.ActiveCfg = Release|x86
		{55AE5A79-E04A-4CB9-8F0A-AF346D2978D5}.Release|Mixed Platforms.Build.0 = Release|x86
		{55AE5A79-E04A-4CB9-8F0A-AF346D2978D5}.Release|x86.ActiveCfg = Release|x86
		{55AE5A79-E04A-4CB9-8F0A-AF346D2978D5}.Release|x86.Build.0 = Release|x86
		{55AE5A79-E04A-4CB9-8F0A-AF346D2978D5}.Release|Xbox 360.ActiveCfg = Release|x86
		{55AE5A79-E04A-4CB9-8F0A-AF346D2978D5}.Release|Zune.ActiveCfg = Release|x86
		{5DB8C6B4-6BBD-4494-989D-91ED8FD2268A}.Debug|Any CPU.ActiveCfg = Debug|x86
		{5DB8C6B4-6BBD-4494-989D-91ED8FD2268A}.Debug|Mixed Platforms.ActiveCfg = Debug|x86
		{5DB8C6B4-6BBD-4494-989D-91ED8FD2268A}.Debug|Mixed Platforms.Build.0 = Debug|x86
		{5DB8C6B4-6BBD-4494-989D-91ED8FD2268A}.Debug|x86.ActiveCfg = Debug|x86
		{5DB8C6B4-6BBD-4494-989D-91ED8FD2268A}.Debug|x86.Build.0 = Debug|x86
		{5DB8C6B4-6BBD-4494-989D-91ED8FD2268A}.Debug|Xbox 360.ActiveCfg = Debug|x86
		{5DB8C6B4-6BBD-4494-989D-91ED8FD2268A}.Debug|Zune.ActiveCfg = Debug|x86
		{5DB8C6B4-6BBD-4494-989D-91ED8FD2268A}.Release|Any CPU.ActiveCfg = Release|x86
		{5DB8C6B4-6BBD-4494-989D-91ED8FD2268A}.Release|Mixed Platforms.ActiveCfg = Release|x86
		{5DB8C6B4-6BBD-4494-989D-91ED8FD2268A}.Release|Mixed Platforms.Build.0 = Release|x86
		{5DB8C6B4-6BBD-4494-989D-91ED8FD2268A}.Release|x86.ActiveCfg = Release|x86
		{5DB8C6B4-6BBD-4494-989D-91ED8FD2268A}.Release|x86.Build.0 = Release|x86
		{5DB8C6B4-6BBD-4494-989D-91ED8FD2268A}.Release|Xbox 360.ActiveCfg = Release|x86
		{5DB8C6B4-6BBD-4494-989D-91ED8FD2268A}.Release|Zune.ActiveCfg = Release|x86
		{BF6407CB-F5BA-45F4-8644-6C77338FBC98}.Debug|Any CPU.ActiveCfg = Debug|x86
		{BF6407CB-F5BA-45F4-8644-6C77338FBC98}.Debug|Mixed Platforms.ActiveCfg = Debug|x86
		{BF6407CB-F5BA-45F4-8644-6C77338FBC98}.Debug|x86.ActiveCfg = Debug|x86
		{BF6407CB-F5BA-45F4-8644-6C77338FBC98}.Debug|Xbox 360.ActiveCfg = Debug|x86
		{BF6407CB-F5BA-45F4-8644-6C77338FBC98}.Debug|Zune.ActiveCfg = Debug|x86
		{BF6407CB-F5BA-45F4-8644-6C77338FBC98}.Release|Any CPU.ActiveCfg = Release|x86
		{BF6407CB-F5BA-45F4-8644-6C77338FBC98}.Release|Mixed Platforms.ActiveCfg = Release|x86
		{BF6407CB-F5BA-45F4-8644-6C77338FBC98}.Release|x86.ActiveCfg = Release|x86
		{BF6407CB-F5BA-45F4-8644-6C77338FBC98}.Release|Xbox 360.ActiveCfg = Release|x86
		{BF6407CB-F5BA-45F4-8644-6C77338FBC98}.Release|Zune.ActiveCfg = Release|x86
		{C8EAEBA1-5A2F-49AE-A226-D69FAE46A016}.Debug|Any CPU.ActiveCfg = Debug|x86
		{C8EAEBA1-5A2F-49AE-A226-D69FAE46A016}.Debug|Mixed Platforms.ActiveCfg = Debug|x86
		{C8EAEBA1-5A2F-49AE-A226-D69FAE46A016}.Debug|x86.ActiveCfg = Debug|x86
		{C8EAEBA1-5A2F-49AE-A226-D69FAE46A016}.Debug|Xbox 360.ActiveCfg = Debug|x86
		{C8EAEBA1-5A2F-49AE-A226-D69FAE46A016}.Debug|Zune.ActiveCfg = Debug|x86
		{C8EAEBA1-5A2F-49AE-A226-D69FAE46A016}.Release|Any CPU.ActiveCfg = Release|x86
		{C8EAEBA1-5A2F-49AE-A226-D69FAE46A016}.Release|Mixed Platforms.ActiveCfg = Release|x86
		{C8EAEBA1-5A2F-49AE-A226-D69FAE46A016}.Release|x86.ActiveCfg = Release|x86
		{C8EAEBA1-5A2F-49AE-A226-D69FAE46A016}.Release|Xbox 360.ActiveCfg = Release|x86
		{C8EAEBA1-5A2F-49AE-A226-D69FAE46A016}.Release|Zune.ActiveCfg = Release|x86
		{376047AA-EC61-45D6-A7AE-264888CDB1B5}.Debug|Any CPU.ActiveCfg = Debug|x86
		{376047AA-EC61-45D6-A7AE-264888CDB1B5}.Debug|Mixed Platforms.ActiveCfg = Debug|x86
		{376047AA-EC61-45D6-A7AE-264888CDB1B5}.Debug|x86.ActiveCfg = Debug|x86
		{376047AA-EC61-45D6-A7AE-264888CDB1B5}.Debug|Xbox 360.ActiveCfg = Debug|x86
		{376047AA-EC61-45D6-A7AE-264888CDB1B5}.Debug|Zune.ActiveCfg = Debug|x86
		{376047AA-EC61-45D6-A7AE-264888CDB1B5}.Release|Any CPU.ActiveCfg = Release|x86
		{376047AA-EC61-45D6-A7AE-264888CDB1B5}.Release|Mixed Platforms.ActiveCfg = Release|x86
		{376047AA-EC61-45D6-A7AE-264888CDB1B5}.Release|x86.ActiveCfg = Release|x86
		{376047AA-EC61-45D6-A7AE-264888CDB1B5}.Release|Xbox 360.ActiveCfg = Release|x86
		{376047AA-EC61-45D6-A7AE-264888CDB1B5}.Release|Zune.ActiveCfg = Release|x86
		{2A4F6F92-3859-4A9B-A40A-1FF11737EA3C}.Debug|Any CPU.ActiveCfg = Debug|x86
		{2A4F6F92-3859-4A9B-A40A-1FF11737EA3C}.Debug|Mixed Platforms.ActiveCfg = Debug|x86
		{2A4F6F92-3859-4A9B-A40A-1FF11737EA3C}.Debug|x86.ActiveCfg = Debug|x86
		{2A4F6F92-3859-4A9B-A40A-1FF11737EA3C}.Debug|Xbox 360.ActiveCfg = Debug|x86
		{2A4F6F92-3859-4A9B-A40A-1FF11737EA3C}.Debug|Zune.ActiveCfg = Debug|x86
		{2A4F6F92-3859-4A9B-A40A-1FF11737EA3C}.Release|Any CPU.ActiveCfg = Release|x86
		{2A4F6F92-3859-4A9B-A40A-1FF11737EA3C}.Release|Mixed Platforms.ActiveCfg = Release|x86
		{2A4F6F92-3859-4A9B-A40A-1FF11737EA3C}.Release|x86.ActiveCfg = Release|x86
		{2A4F6F92-3859-4A9B-A40A-1FF11737EA3C}.Release|Xbox 360.ActiveCfg = Release|x86
		{2A4F6F92-3859-4A9B-A40A-1FF11737EA3C}.Release|Zune.ActiveCfg = Release|x86
	EndGlobalSection
	GlobalSection(SolutionProperties) = preSolution
		HideSolutionNode = FALSE
	EndGlobalSection
	GlobalSection(NestedProjects) = preSolution
		{F5F6B56A-2975-44A5-9533-91FA843CA17E} = {A4A58245-ACD4-479A-8E7D-C781D9FD3C9C}
		{1EAEF248-F869-483A-9E07-01FB299BADD6} = {A4A58245-ACD4-479A-8E7D-C781D9FD3C9C}
		{9695925C-80C9-4857-8440-C8CE200A6C3D} = {A4A58245-ACD4-479A-8E7D-C781D9FD3C9C}
		{9B387D3E-DA93-42F2-B70B-85FA07ACC6E2} = {A4A58245-ACD4-479A-8E7D-C781D9FD3C9C}
		{04339B90-FDDD-4B02-9D4B-CEBE6B0B57DD} = {A4A58245-ACD4-479A-8E7D-C781D9FD3C9C}
		{E27CC161-1475-45D9-BF96-2251B445FE84} = {A4A58245-ACD4-479A-8E7D-C781D9FD3C9C}
		{B3A70DBB-5313-4D1C-8219-BB11C28315EC} = {A4A58245-ACD4-479A-8E7D-C781D9FD3C9C}
		{55AE5A79-E04A-4CB9-8F0A-AF346D2978D5} = {A4A58245-ACD4-479A-8E7D-C781D9FD3C9C}
		{CD4840E2-B1DF-4D22-B8E9-2F7691566AF0} = {8289F603-269A-412A-8D30-0E856C984E15}
		{CA6C6155-F382-46FB-B4F8-9FD7FF8A9F73} = {8C2CB2D7-E770-4B98-8D77-EBB5BE697DF7}
		{1223C2BB-7C2B-464A-AC52-1FBEB6810E67} = {8C2CB2D7-E770-4B98-8D77-EBB5BE697DF7}
		{F792776F-D2AE-4F0D-BE63-12ECDCE04613} = {8C2CB2D7-E770-4B98-8D77-EBB5BE697DF7}
		{1D1EBF6F-CE83-4A84-94F1-020A5179397F} = {A35FC2E5-47A3-4700-9440-4610768EA368}
		{327C16EB-EEEA-4953-BD7B-D785F78A9B84} = {A35FC2E5-47A3-4700-9440-4610768EA368}
		{46EFBAEC-BAF4-433C-A218-F47870FD2A9B} = {A35FC2E5-47A3-4700-9440-4610768EA368}
		{AC4E880E-C25E-41E8-AEB2-28BDD76936C0} = {A35FC2E5-47A3-4700-9440-4610768EA368}
		{5DB8C6B4-6BBD-4494-989D-91ED8FD2268A} = {A35FC2E5-47A3-4700-9440-4610768EA368}
	EndGlobalSection
	GlobalSection(SubversionScc) = preSolution
		Svn-Managed = True
		Manager = AnkhSVN - Subversion Support for Visual Studio
	EndGlobalSection
EndGlobal
